
Microsoft Visual Studio Solution File, Format Version 12.00
# Visual Studio Version 16
VisualStudioVersion = 16.0.30204.135
MinimumVisualStudioVersion = 10.0.40219.1
Project("{FAE04EC0-301F-11D3-BF4B-00C04F79EFBC}") = "Tip Calculator", "Tip Calculator\Tip Calculator.csproj", "{121C8A73-659E-429E-9E31-97D963FB951E}"
EndProject
Global
	GlobalSection(SolutionConfigurationPlatforms) = preSolution
		Debug|Any CPU = Debug|Any CPU
		Release|Any CPU = Release|Any CPU
	EndGlobalSection
	GlobalSection(ProjectConfigurationPlatforms) = postSolution
		{121C8A73-659E-429E-9E31-97D963FB951E}.Debug|Any CPU.ActiveCfg = Debug|Any CPU
		{121C8A73-659E-429E-9E31-97D963FB951E}.Debug|Any CPU.Build.0 = Debug|Any CPU
		{121C8A73-659E-429E-9E31-97D963FB951E}.Release|Any CPU.ActiveCfg = Release|Any CPU
		{121C8A73-659E-429E-9E31-97D963FB951E}.Release|Any CPU.Build.0 = Release|Any CPU
	EndGlobalSection
	GlobalSection(SolutionProperties) = preSolution
		HideSolutionNode = FALSE
	EndGlobalSection
	GlobalSection(ExtensibilityGlobals) = postSolution
		SolutionGuid = {FB2BCE72-49BB-4709-9BFA-00587E959DF7}
	EndGlobalSection
EndGlobal
